
Microsoft Visual Studio Solution File, Format Version 12.00
# Visual Studio Version 16
VisualStudioVersion = 16.0.30011.22
MinimumVisualStudioVersion = 10.0.40219.1
Project("{FAE04EC0-301F-11D3-BF4B-00C04F79EFBC}") = "Lab29", "Lab29\Lab29.csproj", "{94CD9EBA-924B-4309-AAA2-1D4389DE395B}"
EndProject
Global
	GlobalSection(SolutionConfigurationPlatforms) = preSolution
		Debug|Any CPU = Debug|Any CPU
		Release|Any CPU = Release|Any CPU
	EndGlobalSection
	GlobalSection(ProjectConfigurationPlatforms) = postSolution
		{94CD9EBA-924B-4309-AAA2-1D4389DE395B}.Debug|Any CPU.ActiveCfg = Debug|Any CPU
		{94CD9EBA-924B-4309-AAA2-1D4389DE395B}.Debug|Any CPU.Build.0 = Debug|Any CPU
		{94CD9EBA-924B-4309-AAA2-1D4389DE395B}.Release|Any CPU.ActiveCfg = Release|Any CPU
		{94CD9EBA-924B-4309-AAA2-1D4389DE395B}.Release|Any CPU.Build.0 = Release|Any CPU
	EndGlobalSection
	GlobalSection(SolutionProperties) = preSolution
		HideSolutionNode = FALSE
	EndGlobalSection
	GlobalSection(ExtensibilityGlobals) = postSolution
		SolutionGuid = {2FCE67B9-D1E5-4F03-BD1A-F3114A092325}
	EndGlobalSection
EndGlobal
